
Microsoft Visual Studio Solution File, Format Version 12.00
# Visual Studio Version 16
VisualStudioVersion = 16.0.35325.158
MinimumVisualStudioVersion = 10.0.40219.1
Project("{FAE04EC0-301F-11D3-BF4B-00C04F79EFBC}") = "Y_2026last", "Y_2026last\Y_2026last.csproj", "{4BACB70D-ACD8-4C14-B46E-394D8973FEF8}"
EndProject
Global
	GlobalSection(SolutionConfigurationPlatforms) = preSolution
		Debug|Any CPU = Debug|Any CPU
		Release|Any CPU = Release|Any CPU
	EndGlobalSection
	GlobalSection(ProjectConfigurationPlatforms) = postSolution
		{4BACB70D-ACD8-4C14-B46E-394D8973FEF8}.Debug|Any CPU.ActiveCfg = Debug|Any CPU
		{4BACB70D-ACD8-4C14-B46E-394D8973FEF8}.Debug|Any CPU.Build.0 = Debug|Any CPU
		{4BACB70D-ACD8-4C14-B46E-394D8973FEF8}.Release|Any CPU.ActiveCfg = Release|Any CPU
		{4BACB70D-ACD8-4C14-B46E-394D8973FEF8}.Release|Any CPU.Build.0 = Release|Any CPU
	EndGlobalSection
	GlobalSection(SolutionProperties) = preSolution
		HideSolutionNode = FALSE
	EndGlobalSection
	GlobalSection(ExtensibilityGlobals) = postSolution
		SolutionGuid = {57CC2DC8-BF21-429E-B727-A20BF5636F0C}
	EndGlobalSection
EndGlobal
