
Microsoft Visual Studio Solution File, Format Version 12.00
# Visual Studio Version 17
VisualStudioVersion = 17.14.36301.6 d17.14
MinimumVisualStudioVersion = 10.0.40219.1
Project("{FAE04EC0-301F-11D3-BF4B-00C04F79EFBC}") = "finaltest", "finaltest.csproj", "{4C2F23E5-2198-4B40-ACD9-92AA43D123AB}"
EndProject
Global
	GlobalSection(SolutionConfigurationPlatforms) = preSolution
		Debug|Any CPU = Debug|Any CPU
		Release|Any CPU = Release|Any CPU
	EndGlobalSection
	GlobalSection(ProjectConfigurationPlatforms) = postSolution
		{4C2F23E5-2198-4B40-ACD9-92AA43D123AB}.Debug|Any CPU.ActiveCfg = Debug|Any CPU
		{4C2F23E5-2198-4B40-ACD9-92AA43D123AB}.Debug|Any CPU.Build.0 = Debug|Any CPU
		{4C2F23E5-2198-4B40-ACD9-92AA43D123AB}.Release|Any CPU.ActiveCfg = Release|Any CPU
		{4C2F23E5-2198-4B40-ACD9-92AA43D123AB}.Release|Any CPU.Build.0 = Release|Any CPU
	EndGlobalSection
	GlobalSection(SolutionProperties) = preSolution
		HideSolutionNode = FALSE
	EndGlobalSection
	GlobalSection(ExtensibilityGlobals) = postSolution
		SolutionGuid = {27B9CE42-579F-4F91-ADBD-192D1A2242CD}
	EndGlobalSection
EndGlobal
